
Microsoft Visual Studio Solution File, Format Version 12.00
# Visual Studio 15
VisualStudioVersion = 15.0.26124.0
MinimumVisualStudioVersion = 15.0.26124.0
Project("{2150E333-8FDC-42A3-9474-1A3956D46DE8}") = "dist", "dist", "{F56C2517-DB4D-43A6-9072-0C79CAD5CEF1}"
EndProject
Project("{2150E333-8FDC-42A3-9474-1A3956D46DE8}") = "src", "src", "{8A8EA182-CB48-434F-845B-7352FA618806}"
EndProject
Project("{FAE04EC0-301F-11D3-BF4B-00C04F79EFBC}") = "FloorLayout", "dist\src\FloorLayout\FloorLayout.csproj", "{9A3BBF73-73AE-4062-98AB-E858287185CA}"
EndProject
Project("{2150E333-8FDC-42A3-9474-1A3956D46DE8}") = "src", "src", "{2F36B975-BEB7-4EDC-A7D1-C0F9410E628C}"
EndProject
Project("{FAE04EC0-301F-11D3-BF4B-00C04F79EFBC}") = "Calculator", "src\Calculator\Calculator.csproj", "{2177AF67-1271-46BC-A0DE-F6CF13289FBE}"
EndProject
Project("{2150E333-8FDC-42A3-9474-1A3956D46DE8}") = "test", "test", "{D5FB6D7F-4E3D-4A86-88A1-7619B9E69F45}"
EndProject
Project("{FAE04EC0-301F-11D3-BF4B-00C04F79EFBC}") = "Calculator.UnitTests", "test\Calculator.UnitTests\Calculator.UnitTests.csproj", "{F03159EE-3DCA-4C14-8FE4-F66752247AF8}"
EndProject
Project("{2150E333-8FDC-42A3-9474-1A3956D46DE8}") = "test", "test", "{47933F25-C639-4598-A0D6-BB4FEB85CAC0}"
EndProject
Project("{FAE04EC0-301F-11D3-BF4B-00C04F79EFBC}") = "FloorLayout.UnitTests", "dist\test\FloorLayout.UnitTests\FloorLayout.UnitTests.csproj", "{6DD9FDD0-8125-499A-8242-365C19FCB515}"
EndProject
Global
	GlobalSection(SolutionProperties) = preSolution
		HideSolutionNode = FALSE
	EndGlobalSection
	GlobalSection(SolutionConfigurationPlatforms) = preSolution
		Debug|Any CPU = Debug|Any CPU
		Debug|x64 = Debug|x64
		Debug|x86 = Debug|x86
		Release|Any CPU = Release|Any CPU
		Release|x64 = Release|x64
		Release|x86 = Release|x86
	EndGlobalSection
	GlobalSection(ProjectConfigurationPlatforms) = postSolution
		{9A3BBF73-73AE-4062-98AB-E858287185CA}.Debug|Any CPU.ActiveCfg = Debug|Any CPU
		{9A3BBF73-73AE-4062-98AB-E858287185CA}.Debug|Any CPU.Build.0 = Debug|Any CPU
		{9A3BBF73-73AE-4062-98AB-E858287185CA}.Debug|x64.ActiveCfg = Debug|Any CPU
		{9A3BBF73-73AE-4062-98AB-E858287185CA}.Debug|x64.Build.0 = Debug|Any CPU
		{9A3BBF73-73AE-4062-98AB-E858287185CA}.Debug|x86.ActiveCfg = Debug|Any CPU
		{9A3BBF73-73AE-4062-98AB-E858287185CA}.Debug|x86.Build.0 = Debug|Any CPU
		{9A3BBF73-73AE-4062-98AB-E858287185CA}.Release|Any CPU.ActiveCfg = Release|Any CPU
		{9A3BBF73-73AE-4062-98AB-E858287185CA}.Release|Any CPU.Build.0 = Release|Any CPU
		{9A3BBF73-73AE-4062-98AB-E858287185CA}.Release|x64.ActiveCfg = Release|Any CPU
		{9A3BBF73-73AE-4062-98AB-E858287185CA}.Release|x64.Build.0 = Release|Any CPU
		{9A3BBF73-73AE-4062-98AB-E858287185CA}.Release|x86.ActiveCfg = Release|Any CPU
		{9A3BBF73-73AE-4062-98AB-E858287185CA}.Release|x86.Build.0 = Release|Any CPU
		{2177AF67-1271-46BC-A0DE-F6CF13289FBE}.Debug|Any CPU.ActiveCfg = Debug|Any CPU
		{2177AF67-1271-46BC-A0DE-F6CF13289FBE}.Debug|Any CPU.Build.0 = Debug|Any CPU
		{2177AF67-1271-46BC-A0DE-F6CF13289FBE}.Debug|x64.ActiveCfg = Debug|Any CPU
		{2177AF67-1271-46BC-A0DE-F6CF13289FBE}.Debug|x64.Build.0 = Debug|Any CPU
		{2177AF67-1271-46BC-A0DE-F6CF13289FBE}.Debug|x86.ActiveCfg = Debug|Any CPU
		{2177AF67-1271-46BC-A0DE-F6CF13289FBE}.Debug|x86.Build.0 = Debug|Any CPU
		{2177AF67-1271-46BC-A0DE-F6CF13289FBE}.Release|Any CPU.ActiveCfg = Release|Any CPU
		{2177AF67-1271-46BC-A0DE-F6CF13289FBE}.Release|Any CPU.Build.0 = Release|Any CPU
		{2177AF67-1271-46BC-A0DE-F6CF13289FBE}.Release|x64.ActiveCfg = Release|Any CPU
		{2177AF67-1271-46BC-A0DE-F6CF13289FBE}.Release|x64.Build.0 = Release|Any CPU
		{2177AF67-1271-46BC-A0DE-F6CF13289FBE}.Release|x86.ActiveCfg = Release|Any CPU
		{2177AF67-1271-46BC-A0DE-F6CF13289FBE}.Release|x86.Build.0 = Release|Any CPU
		{F03159EE-3DCA-4C14-8FE4-F66752247AF8}.Debug|Any CPU.ActiveCfg = Debug|Any CPU
		{F03159EE-3DCA-4C14-8FE4-F66752247AF8}.Debug|Any CPU.Build.0 = Debug|Any CPU
		{F03159EE-3DCA-4C14-8FE4-F66752247AF8}.Debug|x64.ActiveCfg = Debug|Any CPU
		{F03159EE-3DCA-4C14-8FE4-F66752247AF8}.Debug|x64.Build.0 = Debug|Any CPU
		{F03159EE-3DCA-4C14-8FE4-F66752247AF8}.Debug|x86.ActiveCfg = Debug|Any CPU
		{F03159EE-3DCA-4C14-8FE4-F66752247AF8}.Debug|x86.Build.0 = Debug|Any CPU
		{F03159EE-3DCA-4C14-8FE4-F66752247AF8}.Release|Any CPU.ActiveCfg = Release|Any CPU
		{F03159EE-3DCA-4C14-8FE4-F66752247AF8}.Release|Any CPU.Build.0 = Release|Any CPU
		{F03159EE-3DCA-4C14-8FE4-F66752247AF8}.Release|x64.ActiveCfg = Release|Any CPU
		{F03159EE-3DCA-4C14-8FE4-F66752247AF8}.Release|x64.Build.0 = Release|Any CPU
		{F03159EE-3DCA-4C14-8FE4-F66752247AF8}.Release|x86.ActiveCfg = Release|Any CPU
		{F03159EE-3DCA-4C14-8FE4-F66752247AF8}.Release|x86.Build.0 = Release|Any CPU
		{6DD9FDD0-8125-499A-8242-365C19FCB515}.Debug|Any CPU.ActiveCfg = Debug|Any CPU
		{6DD9FDD0-8125-499A-8242-365C19FCB515}.Debug|Any CPU.Build.0 = Debug|Any CPU
		{6DD9FDD0-8125-499A-8242-365C19FCB515}.Debug|x64.ActiveCfg = Debug|Any CPU
		{6DD9FDD0-8125-499A-8242-365C19FCB515}.Debug|x64.Build.0 = Debug|Any CPU
		{6DD9FDD0-8125-499A-8242-365C19FCB515}.Debug|x86.ActiveCfg = Debug|Any CPU
		{6DD9FDD0-8125-499A-8242-365C19FCB515}.Debug|x86.Build.0 = Debug|Any CPU
		{6DD9FDD0-8125-499A-8242-365C19FCB515}.Release|Any CPU.ActiveCfg = Release|Any CPU
		{6DD9FDD0-8125-499A-8242-365C19FCB515}.Release|Any CPU.Build.0 = Release|Any CPU
		{6DD9FDD0-8125-499A-8242-365C19FCB515}.Release|x64.ActiveCfg = Release|Any CPU
		{6DD9FDD0-8125-499A-8242-365C19FCB515}.Release|x64.Build.0 = Release|Any CPU
		{6DD9FDD0-8125-499A-8242-365C19FCB515}.Release|x86.ActiveCfg = Release|Any CPU
		{6DD9FDD0-8125-499A-8242-365C19FCB515}.Release|x86.Build.0 = Release|Any CPU
	EndGlobalSection
	GlobalSection(NestedProjects) = preSolution
		{8A8EA182-CB48-434F-845B-7352FA618806} = {F56C2517-DB4D-43A6-9072-0C79CAD5CEF1}
		{9A3BBF73-73AE-4062-98AB-E858287185CA} = {8A8EA182-CB48-434F-845B-7352FA618806}
		{2177AF67-1271-46BC-A0DE-F6CF13289FBE} = {2F36B975-BEB7-4EDC-A7D1-C0F9410E628C}
		{F03159EE-3DCA-4C14-8FE4-F66752247AF8} = {D5FB6D7F-4E3D-4A86-88A1-7619B9E69F45}
		{47933F25-C639-4598-A0D6-BB4FEB85CAC0} = {F56C2517-DB4D-43A6-9072-0C79CAD5CEF1}
		{6DD9FDD0-8125-499A-8242-365C19FCB515} = {47933F25-C639-4598-A0D6-BB4FEB85CAC0}
	EndGlobalSection
EndGlobal
